
Microsoft Visual Studio Solution File, Format Version 12.00
# Visual Studio 2015
Project("{FAE04EC0-301F-11D3-BF4B-00C04F79EFBC}") = "ARFood.CSharp", "ARFood.CSharp.csproj", "{9B8B5D4D-508C-EEFC-519B-EA46E76D7C56}"
EndProject
Project("{FAE04EC0-301F-11D3-BF4B-00C04F79EFBC}") = "ARFood.CSharp.Editor", "ARFood.CSharp.Editor.csproj", "{5686B0D1-C608-9F04-1B83-2890B8574987}"
EndProject
Global
	GlobalSection(SolutionConfigurationPlatforms) = preSolution
		Debug|Any CPU = Debug|Any CPU
		Release|Any CPU = Release|Any CPU
	EndGlobalSection
	GlobalSection(ProjectConfigurationPlatforms) = postSolution
		{9B8B5D4D-508C-EEFC-519B-EA46E76D7C56}.Debug|Any CPU.ActiveCfg = Debug|Any CPU
		{9B8B5D4D-508C-EEFC-519B-EA46E76D7C56}.Debug|Any CPU.Build.0 = Debug|Any CPU
		{9B8B5D4D-508C-EEFC-519B-EA46E76D7C56}.Release|Any CPU.ActiveCfg = Release|Any CPU
		{9B8B5D4D-508C-EEFC-519B-EA46E76D7C56}.Release|Any CPU.Build.0 = Release|Any CPU
		{5686B0D1-C608-9F04-1B83-2890B8574987}.Debug|Any CPU.ActiveCfg = Debug|Any CPU
		{5686B0D1-C608-9F04-1B83-2890B8574987}.Debug|Any CPU.Build.0 = Debug|Any CPU
		{5686B0D1-C608-9F04-1B83-2890B8574987}.Release|Any CPU.ActiveCfg = Release|Any CPU
		{5686B0D1-C608-9F04-1B83-2890B8574987}.Release|Any CPU.Build.0 = Release|Any CPU
	EndGlobalSection
	GlobalSection(SolutionProperties) = preSolution
		HideSolutionNode = FALSE
	EndGlobalSection
EndGlobal
